
Microsoft Visual Studio Solution File, Format Version 12.00
# Visual Studio Version 17
VisualStudioVersion = 17.6.33723.286
MinimumVisualStudioVersion = 10.0.40219.1
Project("{FAE04EC0-301F-11D3-BF4B-00C04F79EFBC}") = "ProyectoN1", "ProyectoN1.csproj", "{58118120-75B4-4A4D-BAC2-B595CA97C684}"
EndProject
Global
	GlobalSection(SolutionConfigurationPlatforms) = preSolution
		Debug|Any CPU = Debug|Any CPU
		Release|Any CPU = Release|Any CPU
	EndGlobalSection
	GlobalSection(ProjectConfigurationPlatforms) = postSolution
		{58118120-75B4-4A4D-BAC2-B595CA97C684}.Debug|Any CPU.ActiveCfg = Debug|Any CPU
		{58118120-75B4-4A4D-BAC2-B595CA97C684}.Debug|Any CPU.Build.0 = Debug|Any CPU
		{58118120-75B4-4A4D-BAC2-B595CA97C684}.Release|Any CPU.ActiveCfg = Release|Any CPU
		{58118120-75B4-4A4D-BAC2-B595CA97C684}.Release|Any CPU.Build.0 = Release|Any CPU
	EndGlobalSection
	GlobalSection(SolutionProperties) = preSolution
		HideSolutionNode = FALSE
	EndGlobalSection
	GlobalSection(ExtensibilityGlobals) = postSolution
		SolutionGuid = {3B5C8F59-9DFA-46AE-9B0D-DB02FCC55481}
	EndGlobalSection
EndGlobal
